{
  "nodes": {
    "angr-targets": {
      "flake": false,
      "locked": {
        "lastModified": 1697662000,
        "narHash": "sha256-Vj3tfyLiiErW3T771TOwKVkMCxguZfZVvYQbJmUM9Lc=",
        "owner": "AndrewFasano",
        "repo": "angr-targets",
        "rev": "cf50df72086f88774bcf735e25ddfc70f8cc0bdd",
        "type": "github"
      },
      "original": {
        "owner": "AndrewFasano",
        "ref": "af_fixes",
        "repo": "angr-targets",
        "type": "github"
      }
    },
    "libosi-src": {
      "flake": false,
      "locked": {
        "lastModified": 1693574302,
        "narHash": "sha256-rHbfp1llyVEvHw+sz+rCmx9DrR/e1nnJYRidhPM3jZY=",
        "owner": "panda-re",
        "repo": "libosi",
        "rev": "c68bafdb7e2a4d83128ae6ba0f5f70e28318eda0",
        "type": "github"
      },
      "original": {
        "owner": "panda-re",
        "repo": "libosi",
        "type": "github"
      }
    },
    "nixpkgs": {
      "locked": {
        "lastModified": 1705466837,
        "narHash": "sha256-iYVxjZqKd9Si4wuf5GO9aNKxqAn9P3bNN38vflIooHY=",
        "owner": "NixOS",
        "repo": "nixpkgs",
        "rev": "757637581797f148c50977b6127147c5d298f9e9",
        "type": "github"
      },
      "original": {
        "id": "nixpkgs",
        "type": "indirect"
      }
    },
    "panda": {
      "inputs": {
        "libosi-src": "libosi-src",
        "nixpkgs": [
          "nixpkgs"
        ]
      },
      "locked": {
        "lastModified": 1705532140,
        "narHash": "sha256-Dv5xYezYlzZs4m5DjqA4rn5alLhS+DShvr3HEMsjvRQ=",
        "owner": "panda-re",
        "repo": "panda",
        "rev": "f605fcfb3a9802bfb9106e8805589ce10967026a",
        "type": "github"
      },
      "original": {
        "owner": "panda-re",
        "ref": "nix",
        "repo": "panda",
        "type": "github"
      }
    },
    "root": {
      "inputs": {
        "angr-targets": "angr-targets",
        "nixpkgs": "nixpkgs",
        "panda": "panda"
      }
    }
  },
  "root": "root",
  "version": 7
}
